
Microsoft Visual Studio Solution File, Format Version 12.00
# Visual Studio Version 17
VisualStudioVersion = 17.0.31903.59
MinimumVisualStudioVersion = 10.0.40219.1
Project("{FAE04EC0-301F-11D3-BF4B-00C04F79EFBC}") = "AugmentService.Api", "AugmentService\AugmentService.Api\AugmentService.Api.csproj", "{91C96FED-D36B-455A-9932-33B13C6934A7}"
EndProject
Project("{FAE04EC0-301F-11D3-BF4B-00C04F79EFBC}") = "MfePortal.AppHost", "MfePortal.AppHost\MfePortal.AppHost.csproj", "{3DB8CF4C-E4B4-456B-A88A-182837309471}"
EndProject
Project("{FAE04EC0-301F-11D3-BF4B-00C04F79EFBC}") = "MfePortal.ServiceDefaults", "MfePortal.ServiceDefaults\MfePortal.ServiceDefaults.csproj", "{D089217D-90D6-4F69-A30F-AFCB0D1CE4B1}"
EndProject
Project("{FAE04EC0-301F-11D3-BF4B-00C04F79EFBC}") = "AugmentService.Core", "AugmentService\AugmentService.Core\AugmentService.Core.csproj", "{5A1E2B4F-6C8D-4E9A-8B2F-3C7D5E9A1B2C}"
EndProject
Project("{FAE04EC0-301F-11D3-BF4B-00C04F79EFBC}") = "AugmentService.Application", "AugmentService\AugmentService.Application\AugmentService.Application.csproj", "{1E68B4F2-FCE6-6481-F91C-0186FA7D6FEE}"
EndProject
Project("{FAE04EC0-301F-11D3-BF4B-00C04F79EFBC}") = "AugmentService.Infrastructure", "AugmentService\AugmentService.Infrastructure\AugmentService.Infrastructure.csproj", "{18D1F09E-E54A-4B43-49CA-49FE74BB22D8}"
EndProject
Project("{2150E333-8FDC-42A3-9474-1A3956D46DE8}") = "tests", "tests", "{0AB3BF05-4346-4AA6-1389-037BE0695223}"
EndProject
Project("{FAE04EC0-301F-11D3-BF4B-00C04F79EFBC}") = "Common", "tests\Common\Common.csproj", "{AD4A0A0F-600A-4967-8E44-0D806B8116CC}"
EndProject
Project("{2150E333-8FDC-42A3-9474-1A3956D46DE8}") = "AugmentService", "AugmentService", "{D19F7CB7-3C54-4256-52C2-106B4A58CB28}"
EndProject
Project("{FAE04EC0-301F-11D3-BF4B-00C04F79EFBC}") = "AugmentService.Core.UnitTests", "tests\AugmentService\AugmentService.Core.UnitTests\AugmentService.Core.UnitTests.csproj", "{15BF08EE-F2DC-4202-8AE8-DB1934F39A5C}"
EndProject
Project("{FAE04EC0-301F-11D3-BF4B-00C04F79EFBC}") = "AugmentService.Application.UnitTests", "tests\AugmentService\AugmentService.Application.UnitTests\AugmentService.Application.UnitTests.csproj", "{CF5F19AF-AA63-4773-83B0-CE9F9BF56F44}"
EndProject
Project("{FAE04EC0-301F-11D3-BF4B-00C04F79EFBC}") = "AugmentService.Infrastructure.UnitTests", "tests\AugmentService\AugmentService.Infrastructure.UnitTests\AugmentService.Infrastructure.UnitTests.csproj", "{99EC89F5-4474-4571-A213-AA390DE284E5}"
EndProject
Project("{FAE04EC0-301F-11D3-BF4B-00C04F79EFBC}") = "AugmentService.Api.UnitTests", "tests\AugmentService\AugmentService.Api.UnitTests\AugmentService.Api.UnitTests.csproj", "{51BE2B4A-B205-4EB6-818C-4ADFA3824062}"
EndProject
Project("{2150E333-8FDC-42A3-9474-1A3956D46DE8}") = "AugmentService", "AugmentService", "{7AD6B4D5-B973-9266-CC3B-747CE8DD2E41}"
EndProject
Project("{FAE04EC0-301F-11D3-BF4B-00C04F79EFBC}") = "AugmentService.E2eTests", "tests\AugmentService\AugmentService.E2eTests\AugmentService.E2eTests.csproj", "{ABA46427-36D0-4284-9407-9976805B3508}"
EndProject
Project("{FAE04EC0-301F-11D3-BF4B-00C04F79EFBC}") = "AugmentService.IntegrationTests", "tests\AugmentService\AugmentService.IntegrationTests\AugmentService.IntegrationTests.csproj", "{4B0FF2FB-6067-4764-85E4-31B9D298D9A2}"
EndProject
Project("{FAE04EC0-301F-11D3-BF4B-00C04F79EFBC}") = "Benchmarks", "tests\Benchmarks\Benchmarks.csproj", "{7E70A021-13D2-4F7B-B779-A50992D848C1}"
EndProject
Global
	GlobalSection(SolutionConfigurationPlatforms) = preSolution
		Debug|Any CPU = Debug|Any CPU
		Debug|x64 = Debug|x64
		Debug|x86 = Debug|x86
		Release|Any CPU = Release|Any CPU
		Release|x64 = Release|x64
		Release|x86 = Release|x86
	EndGlobalSection
	GlobalSection(ProjectConfigurationPlatforms) = postSolution
		{91C96FED-D36B-455A-9932-33B13C6934A7}.Debug|Any CPU.ActiveCfg = Debug|Any CPU
		{91C96FED-D36B-455A-9932-33B13C6934A7}.Debug|Any CPU.Build.0 = Debug|Any CPU
		{91C96FED-D36B-455A-9932-33B13C6934A7}.Debug|x64.ActiveCfg = Debug|Any CPU
		{91C96FED-D36B-455A-9932-33B13C6934A7}.Debug|x64.Build.0 = Debug|Any CPU
		{91C96FED-D36B-455A-9932-33B13C6934A7}.Debug|x86.ActiveCfg = Debug|Any CPU
		{91C96FED-D36B-455A-9932-33B13C6934A7}.Debug|x86.Build.0 = Debug|Any CPU
		{91C96FED-D36B-455A-9932-33B13C6934A7}.Release|Any CPU.ActiveCfg = Release|Any CPU
		{91C96FED-D36B-455A-9932-33B13C6934A7}.Release|Any CPU.Build.0 = Release|Any CPU
		{91C96FED-D36B-455A-9932-33B13C6934A7}.Release|x64.ActiveCfg = Release|Any CPU
		{91C96FED-D36B-455A-9932-33B13C6934A7}.Release|x64.Build.0 = Release|Any CPU
		{91C96FED-D36B-455A-9932-33B13C6934A7}.Release|x86.ActiveCfg = Release|Any CPU
		{91C96FED-D36B-455A-9932-33B13C6934A7}.Release|x86.Build.0 = Release|Any CPU
		{3DB8CF4C-E4B4-456B-A88A-182837309471}.Debug|Any CPU.ActiveCfg = Debug|Any CPU
		{3DB8CF4C-E4B4-456B-A88A-182837309471}.Debug|Any CPU.Build.0 = Debug|Any CPU
		{3DB8CF4C-E4B4-456B-A88A-182837309471}.Debug|x64.ActiveCfg = Debug|Any CPU
		{3DB8CF4C-E4B4-456B-A88A-182837309471}.Debug|x64.Build.0 = Debug|Any CPU
		{3DB8CF4C-E4B4-456B-A88A-182837309471}.Debug|x86.ActiveCfg = Debug|Any CPU
		{3DB8CF4C-E4B4-456B-A88A-182837309471}.Debug|x86.Build.0 = Debug|Any CPU
		{3DB8CF4C-E4B4-456B-A88A-182837309471}.Release|Any CPU.ActiveCfg = Release|Any CPU
		{3DB8CF4C-E4B4-456B-A88A-182837309471}.Release|Any CPU.Build.0 = Release|Any CPU
		{3DB8CF4C-E4B4-456B-A88A-182837309471}.Release|x64.ActiveCfg = Release|Any CPU
		{3DB8CF4C-E4B4-456B-A88A-182837309471}.Release|x64.Build.0 = Release|Any CPU
		{3DB8CF4C-E4B4-456B-A88A-182837309471}.Release|x86.ActiveCfg = Release|Any CPU
		{3DB8CF4C-E4B4-456B-A88A-182837309471}.Release|x86.Build.0 = Release|Any CPU
		{D089217D-90D6-4F69-A30F-AFCB0D1CE4B1}.Debug|Any CPU.ActiveCfg = Debug|Any CPU
		{D089217D-90D6-4F69-A30F-AFCB0D1CE4B1}.Debug|Any CPU.Build.0 = Debug|Any CPU
		{D089217D-90D6-4F69-A30F-AFCB0D1CE4B1}.Debug|x64.ActiveCfg = Debug|Any CPU
		{D089217D-90D6-4F69-A30F-AFCB0D1CE4B1}.Debug|x64.Build.0 = Debug|Any CPU
		{D089217D-90D6-4F69-A30F-AFCB0D1CE4B1}.Debug|x86.ActiveCfg = Debug|Any CPU
		{D089217D-90D6-4F69-A30F-AFCB0D1CE4B1}.Debug|x86.Build.0 = Debug|Any CPU
		{D089217D-90D6-4F69-A30F-AFCB0D1CE4B1}.Release|Any CPU.ActiveCfg = Release|Any CPU
		{D089217D-90D6-4F69-A30F-AFCB0D1CE4B1}.Release|Any CPU.Build.0 = Release|Any CPU
		{D089217D-90D6-4F69-A30F-AFCB0D1CE4B1}.Release|x64.ActiveCfg = Release|Any CPU
		{D089217D-90D6-4F69-A30F-AFCB0D1CE4B1}.Release|x64.Build.0 = Release|Any CPU
		{D089217D-90D6-4F69-A30F-AFCB0D1CE4B1}.Release|x86.ActiveCfg = Release|Any CPU
		{D089217D-90D6-4F69-A30F-AFCB0D1CE4B1}.Release|x86.Build.0 = Release|Any CPU
		{5A1E2B4F-6C8D-4E9A-8B2F-3C7D5E9A1B2C}.Debug|Any CPU.ActiveCfg = Debug|Any CPU
		{5A1E2B4F-6C8D-4E9A-8B2F-3C7D5E9A1B2C}.Debug|Any CPU.Build.0 = Debug|Any CPU
		{5A1E2B4F-6C8D-4E9A-8B2F-3C7D5E9A1B2C}.Debug|x64.ActiveCfg = Debug|Any CPU
		{5A1E2B4F-6C8D-4E9A-8B2F-3C7D5E9A1B2C}.Debug|x64.Build.0 = Debug|Any CPU
		{5A1E2B4F-6C8D-4E9A-8B2F-3C7D5E9A1B2C}.Debug|x86.ActiveCfg = Debug|Any CPU
		{5A1E2B4F-6C8D-4E9A-8B2F-3C7D5E9A1B2C}.Debug|x86.Build.0 = Debug|Any CPU
		{5A1E2B4F-6C8D-4E9A-8B2F-3C7D5E9A1B2C}.Release|Any CPU.ActiveCfg = Release|Any CPU
		{5A1E2B4F-6C8D-4E9A-8B2F-3C7D5E9A1B2C}.Release|Any CPU.Build.0 = Release|Any CPU
		{5A1E2B4F-6C8D-4E9A-8B2F-3C7D5E9A1B2C}.Release|x64.ActiveCfg = Release|Any CPU
		{5A1E2B4F-6C8D-4E9A-8B2F-3C7D5E9A1B2C}.Release|x64.Build.0 = Release|Any CPU
		{5A1E2B4F-6C8D-4E9A-8B2F-3C7D5E9A1B2C}.Release|x86.ActiveCfg = Release|Any CPU
		{5A1E2B4F-6C8D-4E9A-8B2F-3C7D5E9A1B2C}.Release|x86.Build.0 = Release|Any CPU
		{AD4A0A0F-600A-4967-8E44-0D806B8116CC}.Debug|Any CPU.ActiveCfg = Debug|Any CPU
		{AD4A0A0F-600A-4967-8E44-0D806B8116CC}.Debug|Any CPU.Build.0 = Debug|Any CPU
		{AD4A0A0F-600A-4967-8E44-0D806B8116CC}.Debug|x64.ActiveCfg = Debug|Any CPU
		{AD4A0A0F-600A-4967-8E44-0D806B8116CC}.Debug|x64.Build.0 = Debug|Any CPU
		{AD4A0A0F-600A-4967-8E44-0D806B8116CC}.Debug|x86.ActiveCfg = Debug|Any CPU
		{AD4A0A0F-600A-4967-8E44-0D806B8116CC}.Debug|x86.Build.0 = Debug|Any CPU
		{AD4A0A0F-600A-4967-8E44-0D806B8116CC}.Release|Any CPU.ActiveCfg = Release|Any CPU
		{AD4A0A0F-600A-4967-8E44-0D806B8116CC}.Release|Any CPU.Build.0 = Release|Any CPU
		{AD4A0A0F-600A-4967-8E44-0D806B8116CC}.Release|x64.ActiveCfg = Release|Any CPU
		{AD4A0A0F-600A-4967-8E44-0D806B8116CC}.Release|x64.Build.0 = Release|Any CPU
		{AD4A0A0F-600A-4967-8E44-0D806B8116CC}.Release|x86.ActiveCfg = Release|Any CPU
		{AD4A0A0F-600A-4967-8E44-0D806B8116CC}.Release|x86.Build.0 = Release|Any CPU
		{15BF08EE-F2DC-4202-8AE8-DB1934F39A5C}.Debug|Any CPU.ActiveCfg = Debug|Any CPU
		{15BF08EE-F2DC-4202-8AE8-DB1934F39A5C}.Debug|Any CPU.Build.0 = Debug|Any CPU
		{15BF08EE-F2DC-4202-8AE8-DB1934F39A5C}.Debug|x64.ActiveCfg = Debug|Any CPU
		{15BF08EE-F2DC-4202-8AE8-DB1934F39A5C}.Debug|x64.Build.0 = Debug|Any CPU
		{15BF08EE-F2DC-4202-8AE8-DB1934F39A5C}.Debug|x86.ActiveCfg = Debug|Any CPU
		{15BF08EE-F2DC-4202-8AE8-DB1934F39A5C}.Debug|x86.Build.0 = Debug|Any CPU
		{15BF08EE-F2DC-4202-8AE8-DB1934F39A5C}.Release|Any CPU.ActiveCfg = Release|Any CPU
		{15BF08EE-F2DC-4202-8AE8-DB1934F39A5C}.Release|Any CPU.Build.0 = Release|Any CPU
		{15BF08EE-F2DC-4202-8AE8-DB1934F39A5C}.Release|x64.ActiveCfg = Release|Any CPU
		{15BF08EE-F2DC-4202-8AE8-DB1934F39A5C}.Release|x64.Build.0 = Release|Any CPU
		{15BF08EE-F2DC-4202-8AE8-DB1934F39A5C}.Release|x86.ActiveCfg = Release|Any CPU
		{15BF08EE-F2DC-4202-8AE8-DB1934F39A5C}.Release|x86.Build.0 = Release|Any CPU
		{CF5F19AF-AA63-4773-83B0-CE9F9BF56F44}.Debug|Any CPU.ActiveCfg = Debug|Any CPU
		{CF5F19AF-AA63-4773-83B0-CE9F9BF56F44}.Debug|Any CPU.Build.0 = Debug|Any CPU
		{CF5F19AF-AA63-4773-83B0-CE9F9BF56F44}.Debug|x64.ActiveCfg = Debug|Any CPU
		{CF5F19AF-AA63-4773-83B0-CE9F9BF56F44}.Debug|x64.Build.0 = Debug|Any CPU
		{CF5F19AF-AA63-4773-83B0-CE9F9BF56F44}.Debug|x86.ActiveCfg = Debug|Any CPU
		{CF5F19AF-AA63-4773-83B0-CE9F9BF56F44}.Debug|x86.Build.0 = Debug|Any CPU
		{CF5F19AF-AA63-4773-83B0-CE9F9BF56F44}.Release|Any CPU.ActiveCfg = Release|Any CPU
		{CF5F19AF-AA63-4773-83B0-CE9F9BF56F44}.Release|Any CPU.Build.0 = Release|Any CPU
		{CF5F19AF-AA63-4773-83B0-CE9F9BF56F44}.Release|x64.ActiveCfg = Release|Any CPU
		{CF5F19AF-AA63-4773-83B0-CE9F9BF56F44}.Release|x64.Build.0 = Release|Any CPU
		{CF5F19AF-AA63-4773-83B0-CE9F9BF56F44}.Release|x86.ActiveCfg = Release|Any CPU
		{CF5F19AF-AA63-4773-83B0-CE9F9BF56F44}.Release|x86.Build.0 = Release|Any CPU
		{99EC89F5-4474-4571-A213-AA390DE284E5}.Debug|Any CPU.ActiveCfg = Debug|Any CPU
		{99EC89F5-4474-4571-A213-AA390DE284E5}.Debug|Any CPU.Build.0 = Debug|Any CPU
		{99EC89F5-4474-4571-A213-AA390DE284E5}.Debug|x64.ActiveCfg = Debug|Any CPU
		{99EC89F5-4474-4571-A213-AA390DE284E5}.Debug|x64.Build.0 = Debug|Any CPU
		{99EC89F5-4474-4571-A213-AA390DE284E5}.Debug|x86.ActiveCfg = Debug|Any CPU
		{99EC89F5-4474-4571-A213-AA390DE284E5}.Debug|x86.Build.0 = Debug|Any CPU
		{99EC89F5-4474-4571-A213-AA390DE284E5}.Release|Any CPU.ActiveCfg = Release|Any CPU
		{99EC89F5-4474-4571-A213-AA390DE284E5}.Release|Any CPU.Build.0 = Release|Any CPU
		{99EC89F5-4474-4571-A213-AA390DE284E5}.Release|x64.ActiveCfg = Release|Any CPU
		{99EC89F5-4474-4571-A213-AA390DE284E5}.Release|x64.Build.0 = Release|Any CPU
		{99EC89F5-4474-4571-A213-AA390DE284E5}.Release|x86.ActiveCfg = Release|Any CPU
		{99EC89F5-4474-4571-A213-AA390DE284E5}.Release|x86.Build.0 = Release|Any CPU
		{51BE2B4A-B205-4EB6-818C-4ADFA3824062}.Debug|Any CPU.ActiveCfg = Debug|Any CPU
		{51BE2B4A-B205-4EB6-818C-4ADFA3824062}.Debug|Any CPU.Build.0 = Debug|Any CPU
		{51BE2B4A-B205-4EB6-818C-4ADFA3824062}.Debug|x64.ActiveCfg = Debug|Any CPU
		{51BE2B4A-B205-4EB6-818C-4ADFA3824062}.Debug|x64.Build.0 = Debug|Any CPU
		{51BE2B4A-B205-4EB6-818C-4ADFA3824062}.Debug|x86.ActiveCfg = Debug|Any CPU
		{51BE2B4A-B205-4EB6-818C-4ADFA3824062}.Debug|x86.Build.0 = Debug|Any CPU
		{51BE2B4A-B205-4EB6-818C-4ADFA3824062}.Release|Any CPU.ActiveCfg = Release|Any CPU
		{51BE2B4A-B205-4EB6-818C-4ADFA3824062}.Release|Any CPU.Build.0 = Release|Any CPU
		{51BE2B4A-B205-4EB6-818C-4ADFA3824062}.Release|x64.ActiveCfg = Release|Any CPU
		{51BE2B4A-B205-4EB6-818C-4ADFA3824062}.Release|x64.Build.0 = Release|Any CPU
		{51BE2B4A-B205-4EB6-818C-4ADFA3824062}.Release|x86.ActiveCfg = Release|Any CPU
		{51BE2B4A-B205-4EB6-818C-4ADFA3824062}.Release|x86.Build.0 = Release|Any CPU
		{ABA46427-36D0-4284-9407-9976805B3508}.Debug|Any CPU.ActiveCfg = Debug|Any CPU
		{ABA46427-36D0-4284-9407-9976805B3508}.Debug|Any CPU.Build.0 = Debug|Any CPU
		{ABA46427-36D0-4284-9407-9976805B3508}.Debug|x64.ActiveCfg = Debug|Any CPU
		{ABA46427-36D0-4284-9407-9976805B3508}.Debug|x64.Build.0 = Debug|Any CPU
		{ABA46427-36D0-4284-9407-9976805B3508}.Debug|x86.ActiveCfg = Debug|Any CPU
		{ABA46427-36D0-4284-9407-9976805B3508}.Debug|x86.Build.0 = Debug|Any CPU
		{ABA46427-36D0-4284-9407-9976805B3508}.Release|Any CPU.ActiveCfg = Release|Any CPU
		{ABA46427-36D0-4284-9407-9976805B3508}.Release|Any CPU.Build.0 = Release|Any CPU
		{ABA46427-36D0-4284-9407-9976805B3508}.Release|x64.ActiveCfg = Release|Any CPU
		{ABA46427-36D0-4284-9407-9976805B3508}.Release|x64.Build.0 = Release|Any CPU
		{ABA46427-36D0-4284-9407-9976805B3508}.Release|x86.ActiveCfg = Release|Any CPU
		{ABA46427-36D0-4284-9407-9976805B3508}.Release|x86.Build.0 = Release|Any CPU
		{4B0FF2FB-6067-4764-85E4-31B9D298D9A2}.Debug|Any CPU.ActiveCfg = Debug|Any CPU
		{4B0FF2FB-6067-4764-85E4-31B9D298D9A2}.Debug|Any CPU.Build.0 = Debug|Any CPU
		{4B0FF2FB-6067-4764-85E4-31B9D298D9A2}.Debug|x64.ActiveCfg = Debug|Any CPU
		{4B0FF2FB-6067-4764-85E4-31B9D298D9A2}.Debug|x64.Build.0 = Debug|Any CPU
		{4B0FF2FB-6067-4764-85E4-31B9D298D9A2}.Debug|x86.ActiveCfg = Debug|Any CPU
		{4B0FF2FB-6067-4764-85E4-31B9D298D9A2}.Debug|x86.Build.0 = Debug|Any CPU
		{4B0FF2FB-6067-4764-85E4-31B9D298D9A2}.Release|Any CPU.ActiveCfg = Release|Any CPU
		{4B0FF2FB-6067-4764-85E4-31B9D298D9A2}.Release|Any CPU.Build.0 = Release|Any CPU
		{4B0FF2FB-6067-4764-85E4-31B9D298D9A2}.Release|x64.ActiveCfg = Release|Any CPU
		{4B0FF2FB-6067-4764-85E4-31B9D298D9A2}.Release|x64.Build.0 = Release|Any CPU
		{4B0FF2FB-6067-4764-85E4-31B9D298D9A2}.Release|x86.ActiveCfg = Release|Any CPU
		{4B0FF2FB-6067-4764-85E4-31B9D298D9A2}.Release|x86.Build.0 = Release|Any CPU
		{7E70A021-13D2-4F7B-B779-A50992D848C1}.Debug|Any CPU.ActiveCfg = Debug|Any CPU
		{7E70A021-13D2-4F7B-B779-A50992D848C1}.Debug|Any CPU.Build.0 = Debug|Any CPU
		{7E70A021-13D2-4F7B-B779-A50992D848C1}.Debug|x64.ActiveCfg = Debug|Any CPU
		{7E70A021-13D2-4F7B-B779-A50992D848C1}.Debug|x64.Build.0 = Debug|Any CPU
		{7E70A021-13D2-4F7B-B779-A50992D848C1}.Debug|x86.ActiveCfg = Debug|Any CPU
		{7E70A021-13D2-4F7B-B779-A50992D848C1}.Debug|x86.Build.0 = Debug|Any CPU
		{7E70A021-13D2-4F7B-B779-A50992D848C1}.Release|Any CPU.ActiveCfg = Release|Any CPU
		{7E70A021-13D2-4F7B-B779-A50992D848C1}.Release|Any CPU.Build.0 = Release|Any CPU
		{7E70A021-13D2-4F7B-B779-A50992D848C1}.Release|x64.ActiveCfg = Release|Any CPU
		{7E70A021-13D2-4F7B-B779-A50992D848C1}.Release|x64.Build.0 = Release|Any CPU
		{7E70A021-13D2-4F7B-B779-A50992D848C1}.Release|x86.ActiveCfg = Release|Any CPU
		{7E70A021-13D2-4F7B-B779-A50992D848C1}.Release|x86.Build.0 = Release|Any CPU
	EndGlobalSection
	GlobalSection(SolutionProperties) = preSolution
		HideSolutionNode = FALSE
	EndGlobalSection
	GlobalSection(NestedProjects) = preSolution
		{AD4A0A0F-600A-4967-8E44-0D806B8116CC} = {0AB3BF05-4346-4AA6-1389-037BE0695223}
		{D19F7CB7-3C54-4256-52C2-106B4A58CB28} = {0AB3BF05-4346-4AA6-1389-037BE0695223}
		{15BF08EE-F2DC-4202-8AE8-DB1934F39A5C} = {D19F7CB7-3C54-4256-52C2-106B4A58CB28}
		{CF5F19AF-AA63-4773-83B0-CE9F9BF56F44} = {D19F7CB7-3C54-4256-52C2-106B4A58CB28}
		{99EC89F5-4474-4571-A213-AA390DE284E5} = {D19F7CB7-3C54-4256-52C2-106B4A58CB28}
		{51BE2B4A-B205-4EB6-818C-4ADFA3824062} = {D19F7CB7-3C54-4256-52C2-106B4A58CB28}
		{ABA46427-36D0-4284-9407-9976805B3508} = {D19F7CB7-3C54-4256-52C2-106B4A58CB28}
		{4B0FF2FB-6067-4764-85E4-31B9D298D9A2} = {D19F7CB7-3C54-4256-52C2-106B4A58CB28}
		{7E70A021-13D2-4F7B-B779-A50992D848C1} = {0AB3BF05-4346-4AA6-1389-037BE0695223}
	EndGlobalSection
EndGlobal
